
Microsoft Visual Studio Solution File, Format Version 12.00
# Visual Studio 15
Project("{FAE04EC0-301F-11D3-BF4B-00C04F79EFBC}") = "Assembly-CSharp", "Assembly-CSharp.csproj", "{0F0C5F90-F6D8-5391-8E2F-FE7C56B70165}"
EndProject
Project("{FAE04EC0-301F-11D3-BF4B-00C04F79EFBC}") = "Assembly-CSharp-Editor", "Assembly-CSharp-Editor.csproj", "{56487608-9F52-07A2-EDF4-CCC947F99EB7}"
EndProject
Global
	GlobalSection(SolutionConfigurationPlatforms) = preSolution
		Debug|Any CPU = Debug|Any CPU
		Release|Any CPU = Release|Any CPU
	EndGlobalSection
	GlobalSection(ProjectConfigurationPlatforms) = postSolution
		{0F0C5F90-F6D8-5391-8E2F-FE7C56B70165}.Debug|Any CPU.ActiveCfg = Debug|Any CPU
		{0F0C5F90-F6D8-5391-8E2F-FE7C56B70165}.Debug|Any CPU.Build.0 = Debug|Any CPU
		{0F0C5F90-F6D8-5391-8E2F-FE7C56B70165}.Release|Any CPU.ActiveCfg = Release|Any CPU
		{0F0C5F90-F6D8-5391-8E2F-FE7C56B70165}.Release|Any CPU.Build.0 = Release|Any CPU
		{56487608-9F52-07A2-EDF4-CCC947F99EB7}.Debug|Any CPU.ActiveCfg = Debug|Any CPU
		{56487608-9F52-07A2-EDF4-CCC947F99EB7}.Debug|Any CPU.Build.0 = Debug|Any CPU
		{56487608-9F52-07A2-EDF4-CCC947F99EB7}.Release|Any CPU.ActiveCfg = Release|Any CPU
		{56487608-9F52-07A2-EDF4-CCC947F99EB7}.Release|Any CPU.Build.0 = Release|Any CPU
	EndGlobalSection
	GlobalSection(SolutionProperties) = preSolution
		HideSolutionNode = FALSE
	EndGlobalSection
EndGlobal
