
Microsoft Visual Studio Solution File, Format Version 11.00
# Visual Studio 2010
Project("{FAE04EC0-301F-11D3-BF4B-00C04F79EFBC}") = "Assembly-CSharp", "Assembly-CSharp.csproj", "{905f0c0f-d8f6-9153-8e2f-fe7c56b70165}"
EndProject
Project("{FAE04EC0-301F-11D3-BF4B-00C04F79EFBC}") = "Assembly-CSharp-Editor", "Assembly-CSharp-Editor.csproj", "{08764856-529f-a207-edf4-ccc947f99eb7}"
EndProject
Project("{FAE04EC0-301F-11D3-BF4B-00C04F79EFBC}") = "Assembly-CSharp-firstpass", "Assembly-CSharp-firstpass.csproj", "{0e0f8150-b67f-5220-b9bd-0f617b72a6a1}"
EndProject
Global
	GlobalSection(SolutionConfigurationPlatforms) = preSolution
		Debug|Any CPU = Debug|Any CPU
	EndGlobalSection
	GlobalSection(ProjectConfigurationPlatforms) = postSolution
		{905f0c0f-d8f6-9153-8e2f-fe7c56b70165}.Debug|Any CPU.ActiveCfg = Debug|Any CPU
		{905f0c0f-d8f6-9153-8e2f-fe7c56b70165}.Debug|Any CPU.Build.0 = Debug|Any CPU
		{08764856-529f-a207-edf4-ccc947f99eb7}.Debug|Any CPU.ActiveCfg = Debug|Any CPU
		{08764856-529f-a207-edf4-ccc947f99eb7}.Debug|Any CPU.Build.0 = Debug|Any CPU
		{0e0f8150-b67f-5220-b9bd-0f617b72a6a1}.Debug|Any CPU.ActiveCfg = Debug|Any CPU
		{0e0f8150-b67f-5220-b9bd-0f617b72a6a1}.Debug|Any CPU.Build.0 = Debug|Any CPU
	EndGlobalSection
	GlobalSection(SolutionProperties) = preSolution
		HideSolutionNode = FALSE
	EndGlobalSection
EndGlobal
