
Microsoft Visual Studio Solution File, Format Version 12.00
Project("{FAE04EC0-301F-11D3-BF4B-00C04F79EFBC}") = "ShieltServer", "ShieltServer\ShieltServer.csproj", "{985C73BA-88B7-4577-88B6-9C455F120BA6}"
EndProject
Project("{FAE04EC0-301F-11D3-BF4B-00C04F79EFBC}") = "ShieltShared", "ShieltShared\ShieltShared.csproj", "{96F81F8A-7299-4CD4-9BD9-0AD4362A49B7}"
EndProject
Global
	GlobalSection(SolutionConfigurationPlatforms) = preSolution
		Debug|Any CPU = Debug|Any CPU
		Release|Any CPU = Release|Any CPU
	EndGlobalSection
	GlobalSection(ProjectConfigurationPlatforms) = postSolution
		{985C73BA-88B7-4577-88B6-9C455F120BA6}.Debug|Any CPU.ActiveCfg = Debug|Any CPU
		{985C73BA-88B7-4577-88B6-9C455F120BA6}.Debug|Any CPU.Build.0 = Debug|Any CPU
		{985C73BA-88B7-4577-88B6-9C455F120BA6}.Release|Any CPU.ActiveCfg = Release|Any CPU
		{985C73BA-88B7-4577-88B6-9C455F120BA6}.Release|Any CPU.Build.0 = Release|Any CPU
		{96F81F8A-7299-4CD4-9BD9-0AD4362A49B7}.Debug|Any CPU.ActiveCfg = Debug|Any CPU
		{96F81F8A-7299-4CD4-9BD9-0AD4362A49B7}.Debug|Any CPU.Build.0 = Debug|Any CPU
		{96F81F8A-7299-4CD4-9BD9-0AD4362A49B7}.Release|Any CPU.ActiveCfg = Release|Any CPU
		{96F81F8A-7299-4CD4-9BD9-0AD4362A49B7}.Release|Any CPU.Build.0 = Release|Any CPU
	EndGlobalSection
EndGlobal
